
Microsoft Visual Studio Solution File, Format Version 12.00
# Visual Studio 15
VisualStudioVersion = 15.0.28010.2003
MinimumVisualStudioVersion = 10.0.40219.1
Project("{FAE04EC0-301F-11D3-BF4B-00C04F79EFBC}") = "AppTeachSolu.Android", "AppTeachSolu\AppTeachSolu.Android\AppTeachSolu.Android.csproj", "{E4B25ADF-C81C-4757-9171-2AE44773E9AA}"
EndProject
Project("{FAE04EC0-301F-11D3-BF4B-00C04F79EFBC}") = "AppTeachSolu.iOS", "AppTeachSolu\AppTeachSolu.iOS\AppTeachSolu.iOS.csproj", "{E109ECC9-5509-42F0-9B85-DD7B7B4C27C3}"
EndProject
Project("{FAE04EC0-301F-11D3-BF4B-00C04F79EFBC}") = "AppTeachSolu.UWP", "AppTeachSolu\AppTeachSolu.UWP\AppTeachSolu.UWP.csproj", "{B6F6EBBC-2C3B-48B1-8C1C-7DB59AEDFD58}"
EndProject
Project("{FAE04EC0-301F-11D3-BF4B-00C04F79EFBC}") = "AppTeachSolu", "AppTeachSolu\AppTeachSolu\AppTeachSolu.csproj", "{D244AAD3-04B7-4771-B227-996A7B7A9AC0}"
EndProject
Project("{FAE04EC0-301F-11D3-BF4B-00C04F79EFBC}") = "AppTeachSolu.Backend", "AppTeachSolu.Backend\AppTeachSolu.Backend.csproj", "{7C5A3B1F-226B-4AB6-A7FB-80D6ADEA65AB}"
EndProject
Project("{FAE04EC0-301F-11D3-BF4B-00C04F79EFBC}") = "AppTeachSolu.API", "AppTeachSolu.API\AppTeachSolu.API.csproj", "{AAC9C31A-41A3-44E8-B750-5BC8C06E59D3}"
EndProject
Project("{FAE04EC0-301F-11D3-BF4B-00C04F79EFBC}") = "AppTeachSolu.Domain", "AppTeachSolu.Domain\AppTeachSolu.Domain.csproj", "{C6596F7B-D0C1-4AD8-AE1D-08D19F5D6634}"
EndProject
Project("{FAE04EC0-301F-11D3-BF4B-00C04F79EFBC}") = "AppTeachSolu.Common", "AppTeachSolu.Common\AppTeachSolu.Common.csproj", "{C544737A-CC66-4BDA-8FDD-F635E8587140}"
EndProject
Global
	GlobalSection(SolutionConfigurationPlatforms) = preSolution
		Ad-Hoc|Any CPU = Ad-Hoc|Any CPU
		Ad-Hoc|ARM = Ad-Hoc|ARM
		Ad-Hoc|iPhone = Ad-Hoc|iPhone
		Ad-Hoc|iPhoneSimulator = Ad-Hoc|iPhoneSimulator
		Ad-Hoc|x64 = Ad-Hoc|x64
		Ad-Hoc|x86 = Ad-Hoc|x86
		AppStore|Any CPU = AppStore|Any CPU
		AppStore|ARM = AppStore|ARM
		AppStore|iPhone = AppStore|iPhone
		AppStore|iPhoneSimulator = AppStore|iPhoneSimulator
		AppStore|x64 = AppStore|x64
		AppStore|x86 = AppStore|x86
		Debug|Any CPU = Debug|Any CPU
		Debug|ARM = Debug|ARM
		Debug|iPhone = Debug|iPhone
		Debug|iPhoneSimulator = Debug|iPhoneSimulator
		Debug|x64 = Debug|x64
		Debug|x86 = Debug|x86
		Release|Any CPU = Release|Any CPU
		Release|ARM = Release|ARM
		Release|iPhone = Release|iPhone
		Release|iPhoneSimulator = Release|iPhoneSimulator
		Release|x64 = Release|x64
		Release|x86 = Release|x86
	EndGlobalSection
	GlobalSection(ProjectConfigurationPlatforms) = postSolution
		{E4B25ADF-C81C-4757-9171-2AE44773E9AA}.Ad-Hoc|Any CPU.ActiveCfg = Release|Any CPU
		{E4B25ADF-C81C-4757-9171-2AE44773E9AA}.Ad-Hoc|Any CPU.Build.0 = Release|Any CPU
		{E4B25ADF-C81C-4757-9171-2AE44773E9AA}.Ad-Hoc|Any CPU.Deploy.0 = Release|Any CPU
		{E4B25ADF-C81C-4757-9171-2AE44773E9AA}.Ad-Hoc|ARM.ActiveCfg = Release|Any CPU
		{E4B25ADF-C81C-4757-9171-2AE44773E9AA}.Ad-Hoc|ARM.Build.0 = Release|Any CPU
		{E4B25ADF-C81C-4757-9171-2AE44773E9AA}.Ad-Hoc|ARM.Deploy.0 = Release|Any CPU
		{E4B25ADF-C81C-4757-9171-2AE44773E9AA}.Ad-Hoc|iPhone.ActiveCfg = Release|Any CPU
		{E4B25ADF-C81C-4757-9171-2AE44773E9AA}.Ad-Hoc|iPhone.Build.0 = Release|Any CPU
		{E4B25ADF-C81C-4757-9171-2AE44773E9AA}.Ad-Hoc|iPhone.Deploy.0 = Release|Any CPU
		{E4B25ADF-C81C-4757-9171-2AE44773E9AA}.Ad-Hoc|iPhoneSimulator.ActiveCfg = Release|Any CPU
		{E4B25ADF-C81C-4757-9171-2AE44773E9AA}.Ad-Hoc|iPhoneSimulator.Build.0 = Release|Any CPU
		{E4B25ADF-C81C-4757-9171-2AE44773E9AA}.Ad-Hoc|iPhoneSimulator.Deploy.0 = Release|Any CPU
		{E4B25ADF-C81C-4757-9171-2AE44773E9AA}.Ad-Hoc|x64.ActiveCfg = Release|Any CPU
		{E4B25ADF-C81C-4757-9171-2AE44773E9AA}.Ad-Hoc|x64.Build.0 = Release|Any CPU
		{E4B25ADF-C81C-4757-9171-2AE44773E9AA}.Ad-Hoc|x64.Deploy.0 = Release|Any CPU
		{E4B25ADF-C81C-4757-9171-2AE44773E9AA}.Ad-Hoc|x86.ActiveCfg = Release|Any CPU
		{E4B25ADF-C81C-4757-9171-2AE44773E9AA}.Ad-Hoc|x86.Build.0 = Release|Any CPU
		{E4B25ADF-C81C-4757-9171-2AE44773E9AA}.Ad-Hoc|x86.Deploy.0 = Release|Any CPU
		{E4B25ADF-C81C-4757-9171-2AE44773E9AA}.AppStore|Any CPU.ActiveCfg = Release|Any CPU
		{E4B25ADF-C81C-4757-9171-2AE44773E9AA}.AppStore|Any CPU.Build.0 = Release|Any CPU
		{E4B25ADF-C81C-4757-9171-2AE44773E9AA}.AppStore|Any CPU.Deploy.0 = Release|Any CPU
		{E4B25ADF-C81C-4757-9171-2AE44773E9AA}.AppStore|ARM.ActiveCfg = Release|Any CPU
		{E4B25ADF-C81C-4757-9171-2AE44773E9AA}.AppStore|ARM.Build.0 = Release|Any CPU
		{E4B25ADF-C81C-4757-9171-2AE44773E9AA}.AppStore|ARM.Deploy.0 = Release|Any CPU
		{E4B25ADF-C81C-4757-9171-2AE44773E9AA}.AppStore|iPhone.ActiveCfg = Release|Any CPU
		{E4B25ADF-C81C-4757-9171-2AE44773E9AA}.AppStore|iPhone.Build.0 = Release|Any CPU
		{E4B25ADF-C81C-4757-9171-2AE44773E9AA}.AppStore|iPhone.Deploy.0 = Release|Any CPU
		{E4B25ADF-C81C-4757-9171-2AE44773E9AA}.AppStore|iPhoneSimulator.ActiveCfg = Release|Any CPU
		{E4B25ADF-C81C-4757-9171-2AE44773E9AA}.AppStore|iPhoneSimulator.Build.0 = Release|Any CPU
		{E4B25ADF-C81C-4757-9171-2AE44773E9AA}.AppStore|iPhoneSimulator.Deploy.0 = Release|Any CPU
		{E4B25ADF-C81C-4757-9171-2AE44773E9AA}.AppStore|x64.ActiveCfg = Release|Any CPU
		{E4B25ADF-C81C-4757-9171-2AE44773E9AA}.AppStore|x64.Build.0 = Release|Any CPU
		{E4B25ADF-C81C-4757-9171-2AE44773E9AA}.AppStore|x64.Deploy.0 = Release|Any CPU
		{E4B25ADF-C81C-4757-9171-2AE44773E9AA}.AppStore|x86.ActiveCfg = Release|Any CPU
		{E4B25ADF-C81C-4757-9171-2AE44773E9AA}.AppStore|x86.Build.0 = Release|Any CPU
		{E4B25ADF-C81C-4757-9171-2AE44773E9AA}.AppStore|x86.Deploy.0 = Release|Any CPU
		{E4B25ADF-C81C-4757-9171-2AE44773E9AA}.Debug|Any CPU.ActiveCfg = Debug|Any CPU
		{E4B25ADF-C81C-4757-9171-2AE44773E9AA}.Debug|Any CPU.Build.0 = Debug|Any CPU
		{E4B25ADF-C81C-4757-9171-2AE44773E9AA}.Debug|Any CPU.Deploy.0 = Debug|Any CPU
		{E4B25ADF-C81C-4757-9171-2AE44773E9AA}.Debug|ARM.ActiveCfg = Debug|Any CPU
		{E4B25ADF-C81C-4757-9171-2AE44773E9AA}.Debug|ARM.Build.0 = Debug|Any CPU
		{E4B25ADF-C81C-4757-9171-2AE44773E9AA}.Debug|ARM.Deploy.0 = Debug|Any CPU
		{E4B25ADF-C81C-4757-9171-2AE44773E9AA}.Debug|iPhone.ActiveCfg = Debug|Any CPU
		{E4B25ADF-C81C-4757-9171-2AE44773E9AA}.Debug|iPhone.Build.0 = Debug|Any CPU
		{E4B25ADF-C81C-4757-9171-2AE44773E9AA}.Debug|iPhone.Deploy.0 = Debug|Any CPU
		{E4B25ADF-C81C-4757-9171-2AE44773E9AA}.Debug|iPhoneSimulator.ActiveCfg = Debug|Any CPU
		{E4B25ADF-C81C-4757-9171-2AE44773E9AA}.Debug|iPhoneSimulator.Build.0 = Debug|Any CPU
		{E4B25ADF-C81C-4757-9171-2AE44773E9AA}.Debug|iPhoneSimulator.Deploy.0 = Debug|Any CPU
		{E4B25ADF-C81C-4757-9171-2AE44773E9AA}.Debug|x64.ActiveCfg = Debug|Any CPU
		{E4B25ADF-C81C-4757-9171-2AE44773E9AA}.Debug|x64.Build.0 = Debug|Any CPU
		{E4B25ADF-C81C-4757-9171-2AE44773E9AA}.Debug|x64.Deploy.0 = Debug|Any CPU
		{E4B25ADF-C81C-4757-9171-2AE44773E9AA}.Debug|x86.ActiveCfg = Debug|Any CPU
		{E4B25ADF-C81C-4757-9171-2AE44773E9AA}.Debug|x86.Build.0 = Debug|Any CPU
		{E4B25ADF-C81C-4757-9171-2AE44773E9AA}.Debug|x86.Deploy.0 = Debug|Any CPU
		{E4B25ADF-C81C-4757-9171-2AE44773E9AA}.Release|Any CPU.ActiveCfg = Release|Any CPU
		{E4B25ADF-C81C-4757-9171-2AE44773E9AA}.Release|Any CPU.Build.0 = Release|Any CPU
		{E4B25ADF-C81C-4757-9171-2AE44773E9AA}.Release|Any CPU.Deploy.0 = Release|Any CPU
		{E4B25ADF-C81C-4757-9171-2AE44773E9AA}.Release|ARM.ActiveCfg = Release|Any CPU
		{E4B25ADF-C81C-4757-9171-2AE44773E9AA}.Release|ARM.Build.0 = Release|Any CPU
		{E4B25ADF-C81C-4757-9171-2AE44773E9AA}.Release|ARM.Deploy.0 = Release|Any CPU
		{E4B25ADF-C81C-4757-9171-2AE44773E9AA}.Release|iPhone.ActiveCfg = Release|Any CPU
		{E4B25ADF-C81C-4757-9171-2AE44773E9AA}.Release|iPhone.Build.0 = Release|Any CPU
		{E4B25ADF-C81C-4757-9171-2AE44773E9AA}.Release|iPhone.Deploy.0 = Release|Any CPU
		{E4B25ADF-C81C-4757-9171-2AE44773E9AA}.Release|iPhoneSimulator.ActiveCfg = Release|Any CPU
		{E4B25ADF-C81C-4757-9171-2AE44773E9AA}.Release|iPhoneSimulator.Build.0 = Release|Any CPU
		{E4B25ADF-C81C-4757-9171-2AE44773E9AA}.Release|iPhoneSimulator.Deploy.0 = Release|Any CPU
		{E4B25ADF-C81C-4757-9171-2AE44773E9AA}.Release|x64.ActiveCfg = Release|Any CPU
		{E4B25ADF-C81C-4757-9171-2AE44773E9AA}.Release|x64.Build.0 = Release|Any CPU
		{E4B25ADF-C81C-4757-9171-2AE44773E9AA}.Release|x64.Deploy.0 = Release|Any CPU
		{E4B25ADF-C81C-4757-9171-2AE44773E9AA}.Release|x86.ActiveCfg = Release|Any CPU
		{E4B25ADF-C81C-4757-9171-2AE44773E9AA}.Release|x86.Build.0 = Release|Any CPU
		{E4B25ADF-C81C-4757-9171-2AE44773E9AA}.Release|x86.Deploy.0 = Release|Any CPU
		{E109ECC9-5509-42F0-9B85-DD7B7B4C27C3}.Ad-Hoc|Any CPU.ActiveCfg = Ad-Hoc|iPhone
		{E109ECC9-5509-42F0-9B85-DD7B7B4C27C3}.Ad-Hoc|ARM.ActiveCfg = Ad-Hoc|iPhone
		{E109ECC9-5509-42F0-9B85-DD7B7B4C27C3}.Ad-Hoc|iPhone.ActiveCfg = Ad-Hoc|iPhone
		{E109ECC9-5509-42F0-9B85-DD7B7B4C27C3}.Ad-Hoc|iPhone.Build.0 = Ad-Hoc|iPhone
		{E109ECC9-5509-42F0-9B85-DD7B7B4C27C3}.Ad-Hoc|iPhoneSimulator.ActiveCfg = Ad-Hoc|iPhoneSimulator
		{E109ECC9-5509-42F0-9B85-DD7B7B4C27C3}.Ad-Hoc|iPhoneSimulator.Build.0 = Ad-Hoc|iPhoneSimulator
		{E109ECC9-5509-42F0-9B85-DD7B7B4C27C3}.Ad-Hoc|x64.ActiveCfg = Ad-Hoc|iPhone
		{E109ECC9-5509-42F0-9B85-DD7B7B4C27C3}.Ad-Hoc|x86.ActiveCfg = Ad-Hoc|iPhone
		{E109ECC9-5509-42F0-9B85-DD7B7B4C27C3}.AppStore|Any CPU.ActiveCfg = AppStore|iPhone
		{E109ECC9-5509-42F0-9B85-DD7B7B4C27C3}.AppStore|ARM.ActiveCfg = AppStore|iPhone
		{E109ECC9-5509-42F0-9B85-DD7B7B4C27C3}.AppStore|iPhone.ActiveCfg = AppStore|iPhone
		{E109ECC9-5509-42F0-9B85-DD7B7B4C27C3}.AppStore|iPhone.Build.0 = AppStore|iPhone
		{E109ECC9-5509-42F0-9B85-DD7B7B4C27C3}.AppStore|iPhoneSimulator.ActiveCfg = AppStore|iPhoneSimulator
		{E109ECC9-5509-42F0-9B85-DD7B7B4C27C3}.AppStore|iPhoneSimulator.Build.0 = AppStore|iPhoneSimulator
		{E109ECC9-5509-42F0-9B85-DD7B7B4C27C3}.AppStore|x64.ActiveCfg = AppStore|iPhone
		{E109ECC9-5509-42F0-9B85-DD7B7B4C27C3}.AppStore|x86.ActiveCfg = AppStore|iPhone
		{E109ECC9-5509-42F0-9B85-DD7B7B4C27C3}.Debug|Any CPU.ActiveCfg = Debug|iPhone
		{E109ECC9-5509-42F0-9B85-DD7B7B4C27C3}.Debug|ARM.ActiveCfg = Debug|iPhone
		{E109ECC9-5509-42F0-9B85-DD7B7B4C27C3}.Debug|iPhone.ActiveCfg = Debug|iPhone
		{E109ECC9-5509-42F0-9B85-DD7B7B4C27C3}.Debug|iPhone.Build.0 = Debug|iPhone
		{E109ECC9-5509-42F0-9B85-DD7B7B4C27C3}.Debug|iPhoneSimulator.ActiveCfg = Debug|iPhoneSimulator
		{E109ECC9-5509-42F0-9B85-DD7B7B4C27C3}.Debug|iPhoneSimulator.Build.0 = Debug|iPhoneSimulator
		{E109ECC9-5509-42F0-9B85-DD7B7B4C27C3}.Debug|x64.ActiveCfg = Debug|iPhone
		{E109ECC9-5509-42F0-9B85-DD7B7B4C27C3}.Debug|x86.ActiveCfg = Debug|iPhone
		{E109ECC9-5509-42F0-9B85-DD7B7B4C27C3}.Release|Any CPU.ActiveCfg = Release|iPhone
		{E109ECC9-5509-42F0-9B85-DD7B7B4C27C3}.Release|ARM.ActiveCfg = Release|iPhone
		{E109ECC9-5509-42F0-9B85-DD7B7B4C27C3}.Release|iPhone.ActiveCfg = Release|iPhone
		{E109ECC9-5509-42F0-9B85-DD7B7B4C27C3}.Release|iPhone.Build.0 = Release|iPhone
		{E109ECC9-5509-42F0-9B85-DD7B7B4C27C3}.Release|iPhoneSimulator.ActiveCfg = Release|iPhoneSimulator
		{E109ECC9-5509-42F0-9B85-DD7B7B4C27C3}.Release|iPhoneSimulator.Build.0 = Release|iPhoneSimulator
		{E109ECC9-5509-42F0-9B85-DD7B7B4C27C3}.Release|x64.ActiveCfg = Release|iPhone
		{E109ECC9-5509-42F0-9B85-DD7B7B4C27C3}.Release|x86.ActiveCfg = Release|iPhone
		{B6F6EBBC-2C3B-48B1-8C1C-7DB59AEDFD58}.Ad-Hoc|Any CPU.ActiveCfg = Release|x86
		{B6F6EBBC-2C3B-48B1-8C1C-7DB59AEDFD58}.Ad-Hoc|Any CPU.Build.0 = Release|x86
		{B6F6EBBC-2C3B-48B1-8C1C-7DB59AEDFD58}.Ad-Hoc|Any CPU.Deploy.0 = Release|x86
		{B6F6EBBC-2C3B-48B1-8C1C-7DB59AEDFD58}.Ad-Hoc|ARM.ActiveCfg = Release|ARM
		{B6F6EBBC-2C3B-48B1-8C1C-7DB59AEDFD58}.Ad-Hoc|ARM.Build.0 = Release|ARM
		{B6F6EBBC-2C3B-48B1-8C1C-7DB59AEDFD58}.Ad-Hoc|ARM.Deploy.0 = Release|ARM
		{B6F6EBBC-2C3B-48B1-8C1C-7DB59AEDFD58}.Ad-Hoc|iPhone.ActiveCfg = Release|x86
		{B6F6EBBC-2C3B-48B1-8C1C-7DB59AEDFD58}.Ad-Hoc|iPhone.Build.0 = Release|x86
		{B6F6EBBC-2C3B-48B1-8C1C-7DB59AEDFD58}.Ad-Hoc|iPhone.Deploy.0 = Release|x86
		{B6F6EBBC-2C3B-48B1-8C1C-7DB59AEDFD58}.Ad-Hoc|iPhoneSimulator.ActiveCfg = Release|x86
		{B6F6EBBC-2C3B-48B1-8C1C-7DB59AEDFD58}.Ad-Hoc|iPhoneSimulator.Build.0 = Release|x86
		{B6F6EBBC-2C3B-48B1-8C1C-7DB59AEDFD58}.Ad-Hoc|iPhoneSimulator.Deploy.0 = Release|x86
		{B6F6EBBC-2C3B-48B1-8C1C-7DB59AEDFD58}.Ad-Hoc|x64.ActiveCfg = Release|x64
		{B6F6EBBC-2C3B-48B1-8C1C-7DB59AEDFD58}.Ad-Hoc|x64.Build.0 = Release|x64
		{B6F6EBBC-2C3B-48B1-8C1C-7DB59AEDFD58}.Ad-Hoc|x64.Deploy.0 = Release|x64
		{B6F6EBBC-2C3B-48B1-8C1C-7DB59AEDFD58}.Ad-Hoc|x86.ActiveCfg = Release|x86
		{B6F6EBBC-2C3B-48B1-8C1C-7DB59AEDFD58}.Ad-Hoc|x86.Build.0 = Release|x86
		{B6F6EBBC-2C3B-48B1-8C1C-7DB59AEDFD58}.Ad-Hoc|x86.Deploy.0 = Release|x86
		{B6F6EBBC-2C3B-48B1-8C1C-7DB59AEDFD58}.AppStore|Any CPU.ActiveCfg = Release|x86
		{B6F6EBBC-2C3B-48B1-8C1C-7DB59AEDFD58}.AppStore|Any CPU.Build.0 = Release|x86
		{B6F6EBBC-2C3B-48B1-8C1C-7DB59AEDFD58}.AppStore|Any CPU.Deploy.0 = Release|x86
		{B6F6EBBC-2C3B-48B1-8C1C-7DB59AEDFD58}.AppStore|ARM.ActiveCfg = Release|ARM
		{B6F6EBBC-2C3B-48B1-8C1C-7DB59AEDFD58}.AppStore|ARM.Build.0 = Release|ARM
		{B6F6EBBC-2C3B-48B1-8C1C-7DB59AEDFD58}.AppStore|ARM.Deploy.0 = Release|ARM
		{B6F6EBBC-2C3B-48B1-8C1C-7DB59AEDFD58}.AppStore|iPhone.ActiveCfg = Release|x86
		{B6F6EBBC-2C3B-48B1-8C1C-7DB59AEDFD58}.AppStore|iPhone.Build.0 = Release|x86
		{B6F6EBBC-2C3B-48B1-8C1C-7DB59AEDFD58}.AppStore|iPhone.Deploy.0 = Release|x86
		{B6F6EBBC-2C3B-48B1-8C1C-7DB59AEDFD58}.AppStore|iPhoneSimulator.ActiveCfg = Release|x86
		{B6F6EBBC-2C3B-48B1-8C1C-7DB59AEDFD58}.AppStore|iPhoneSimulator.Build.0 = Release|x86
		{B6F6EBBC-2C3B-48B1-8C1C-7DB59AEDFD58}.AppStore|iPhoneSimulator.Deploy.0 = Release|x86
		{B6F6EBBC-2C3B-48B1-8C1C-7DB59AEDFD58}.AppStore|x64.ActiveCfg = Release|x64
		{B6F6EBBC-2C3B-48B1-8C1C-7DB59AEDFD58}.AppStore|x64.Build.0 = Release|x64
		{B6F6EBBC-2C3B-48B1-8C1C-7DB59AEDFD58}.AppStore|x64.Deploy.0 = Release|x64
		{B6F6EBBC-2C3B-48B1-8C1C-7DB59AEDFD58}.AppStore|x86.ActiveCfg = Release|x86
		{B6F6EBBC-2C3B-48B1-8C1C-7DB59AEDFD58}.AppStore|x86.Build.0 = Release|x86
		{B6F6EBBC-2C3B-48B1-8C1C-7DB59AEDFD58}.AppStore|x86.Deploy.0 = Release|x86
		{B6F6EBBC-2C3B-48B1-8C1C-7DB59AEDFD58}.Debug|Any CPU.ActiveCfg = Debug|x86
		{B6F6EBBC-2C3B-48B1-8C1C-7DB59AEDFD58}.Debug|ARM.ActiveCfg = Debug|ARM
		{B6F6EBBC-2C3B-48B1-8C1C-7DB59AEDFD58}.Debug|ARM.Build.0 = Debug|ARM
		{B6F6EBBC-2C3B-48B1-8C1C-7DB59AEDFD58}.Debug|ARM.Deploy.0 = Debug|ARM
		{B6F6EBBC-2C3B-48B1-8C1C-7DB59AEDFD58}.Debug|iPhone.ActiveCfg = Debug|x86
		{B6F6EBBC-2C3B-48B1-8C1C-7DB59AEDFD58}.Debug|iPhoneSimulator.ActiveCfg = Debug|x86
		{B6F6EBBC-2C3B-48B1-8C1C-7DB59AEDFD58}.Debug|x64.ActiveCfg = Debug|x64
		{B6F6EBBC-2C3B-48B1-8C1C-7DB59AEDFD58}.Debug|x64.Build.0 = Debug|x64
		{B6F6EBBC-2C3B-48B1-8C1C-7DB59AEDFD58}.Debug|x64.Deploy.0 = Debug|x64
		{B6F6EBBC-2C3B-48B1-8C1C-7DB59AEDFD58}.Debug|x86.ActiveCfg = Debug|x86
		{B6F6EBBC-2C3B-48B1-8C1C-7DB59AEDFD58}.Debug|x86.Build.0 = Debug|x86
		{B6F6EBBC-2C3B-48B1-8C1C-7DB59AEDFD58}.Debug|x86.Deploy.0 = Debug|x86
		{B6F6EBBC-2C3B-48B1-8C1C-7DB59AEDFD58}.Release|Any CPU.ActiveCfg = Release|x86
		{B6F6EBBC-2C3B-48B1-8C1C-7DB59AEDFD58}.Release|ARM.ActiveCfg = Release|ARM
		{B6F6EBBC-2C3B-48B1-8C1C-7DB59AEDFD58}.Release|ARM.Build.0 = Release|ARM
		{B6F6EBBC-2C3B-48B1-8C1C-7DB59AEDFD58}.Release|ARM.Deploy.0 = Release|ARM
		{B6F6EBBC-2C3B-48B1-8C1C-7DB59AEDFD58}.Release|iPhone.ActiveCfg = Release|x86
		{B6F6EBBC-2C3B-48B1-8C1C-7DB59AEDFD58}.Release|iPhoneSimulator.ActiveCfg = Release|x86
		{B6F6EBBC-2C3B-48B1-8C1C-7DB59AEDFD58}.Release|x64.ActiveCfg = Release|x64
		{B6F6EBBC-2C3B-48B1-8C1C-7DB59AEDFD58}.Release|x64.Build.0 = Release|x64
		{B6F6EBBC-2C3B-48B1-8C1C-7DB59AEDFD58}.Release|x64.Deploy.0 = Release|x64
		{B6F6EBBC-2C3B-48B1-8C1C-7DB59AEDFD58}.Release|x86.ActiveCfg = Release|x86
		{B6F6EBBC-2C3B-48B1-8C1C-7DB59AEDFD58}.Release|x86.Build.0 = Release|x86
		{B6F6EBBC-2C3B-48B1-8C1C-7DB59AEDFD58}.Release|x86.Deploy.0 = Release|x86
		{D244AAD3-04B7-4771-B227-996A7B7A9AC0}.Ad-Hoc|Any CPU.ActiveCfg = Debug|Any CPU
		{D244AAD3-04B7-4771-B227-996A7B7A9AC0}.Ad-Hoc|Any CPU.Build.0 = Debug|Any CPU
		{D244AAD3-04B7-4771-B227-996A7B7A9AC0}.Ad-Hoc|ARM.ActiveCfg = Debug|Any CPU
		{D244AAD3-04B7-4771-B227-996A7B7A9AC0}.Ad-Hoc|ARM.Build.0 = Debug|Any CPU
		{D244AAD3-04B7-4771-B227-996A7B7A9AC0}.Ad-Hoc|iPhone.ActiveCfg = Debug|Any CPU
		{D244AAD3-04B7-4771-B227-996A7B7A9AC0}.Ad-Hoc|iPhone.Build.0 = Debug|Any CPU
		{D244AAD3-04B7-4771-B227-996A7B7A9AC0}.Ad-Hoc|iPhoneSimulator.ActiveCfg = Debug|Any CPU
		{D244AAD3-04B7-4771-B227-996A7B7A9AC0}.Ad-Hoc|iPhoneSimulator.Build.0 = Debug|Any CPU
		{D244AAD3-04B7-4771-B227-996A7B7A9AC0}.Ad-Hoc|x64.ActiveCfg = Debug|Any CPU
		{D244AAD3-04B7-4771-B227-996A7B7A9AC0}.Ad-Hoc|x64.Build.0 = Debug|Any CPU
		{D244AAD3-04B7-4771-B227-996A7B7A9AC0}.Ad-Hoc|x86.ActiveCfg = Debug|Any CPU
		{D244AAD3-04B7-4771-B227-996A7B7A9AC0}.Ad-Hoc|x86.Build.0 = Debug|Any CPU
		{D244AAD3-04B7-4771-B227-996A7B7A9AC0}.AppStore|Any CPU.ActiveCfg = Debug|Any CPU
		{D244AAD3-04B7-4771-B227-996A7B7A9AC0}.AppStore|Any CPU.Build.0 = Debug|Any CPU
		{D244AAD3-04B7-4771-B227-996A7B7A9AC0}.AppStore|ARM.ActiveCfg = Debug|Any CPU
		{D244AAD3-04B7-4771-B227-996A7B7A9AC0}.AppStore|ARM.Build.0 = Debug|Any CPU
		{D244AAD3-04B7-4771-B227-996A7B7A9AC0}.AppStore|iPhone.ActiveCfg = Debug|Any CPU
		{D244AAD3-04B7-4771-B227-996A7B7A9AC0}.AppStore|iPhone.Build.0 = Debug|Any CPU
		{D244AAD3-04B7-4771-B227-996A7B7A9AC0}.AppStore|iPhoneSimulator.ActiveCfg = Debug|Any CPU
		{D244AAD3-04B7-4771-B227-996A7B7A9AC0}.AppStore|iPhoneSimulator.Build.0 = Debug|Any CPU
		{D244AAD3-04B7-4771-B227-996A7B7A9AC0}.AppStore|x64.ActiveCfg = Debug|Any CPU
		{D244AAD3-04B7-4771-B227-996A7B7A9AC0}.AppStore|x64.Build.0 = Debug|Any CPU
		{D244AAD3-04B7-4771-B227-996A7B7A9AC0}.AppStore|x86.ActiveCfg = Debug|Any CPU
		{D244AAD3-04B7-4771-B227-996A7B7A9AC0}.AppStore|x86.Build.0 = Debug|Any CPU
		{D244AAD3-04B7-4771-B227-996A7B7A9AC0}.Debug|Any CPU.ActiveCfg = Debug|Any CPU
		{D244AAD3-04B7-4771-B227-996A7B7A9AC0}.Debug|Any CPU.Build.0 = Debug|Any CPU
		{D244AAD3-04B7-4771-B227-996A7B7A9AC0}.Debug|ARM.ActiveCfg = Debug|Any CPU
		{D244AAD3-04B7-4771-B227-996A7B7A9AC0}.Debug|ARM.Build.0 = Debug|Any CPU
		{D244AAD3-04B7-4771-B227-996A7B7A9AC0}.Debug|iPhone.ActiveCfg = Debug|Any CPU
		{D244AAD3-04B7-4771-B227-996A7B7A9AC0}.Debug|iPhone.Build.0 = Debug|Any CPU
		{D244AAD3-04B7-4771-B227-996A7B7A9AC0}.Debug|iPhoneSimulator.ActiveCfg = Debug|Any CPU
		{D244AAD3-04B7-4771-B227-996A7B7A9AC0}.Debug|iPhoneSimulator.Build.0 = Debug|Any CPU
		{D244AAD3-04B7-4771-B227-996A7B7A9AC0}.Debug|x64.ActiveCfg = Debug|Any CPU
		{D244AAD3-04B7-4771-B227-996A7B7A9AC0}.Debug|x64.Build.0 = Debug|Any CPU
		{D244AAD3-04B7-4771-B227-996A7B7A9AC0}.Debug|x86.ActiveCfg = Debug|Any CPU
		{D244AAD3-04B7-4771-B227-996A7B7A9AC0}.Debug|x86.Build.0 = Debug|Any CPU
		{D244AAD3-04B7-4771-B227-996A7B7A9AC0}.Release|Any CPU.ActiveCfg = Release|Any CPU
		{D244AAD3-04B7-4771-B227-996A7B7A9AC0}.Release|Any CPU.Build.0 = Release|Any CPU
		{D244AAD3-04B7-4771-B227-996A7B7A9AC0}.Release|ARM.ActiveCfg = Release|Any CPU
		{D244AAD3-04B7-4771-B227-996A7B7A9AC0}.Release|ARM.Build.0 = Release|Any CPU
		{D244AAD3-04B7-4771-B227-996A7B7A9AC0}.Release|iPhone.ActiveCfg = Release|Any CPU
		{D244AAD3-04B7-4771-B227-996A7B7A9AC0}.Release|iPhone.Build.0 = Release|Any CPU
		{D244AAD3-04B7-4771-B227-996A7B7A9AC0}.Release|iPhoneSimulator.ActiveCfg = Release|Any CPU
		{D244AAD3-04B7-4771-B227-996A7B7A9AC0}.Release|iPhoneSimulator.Build.0 = Release|Any CPU
		{D244AAD3-04B7-4771-B227-996A7B7A9AC0}.Release|x64.ActiveCfg = Release|Any CPU
		{D244AAD3-04B7-4771-B227-996A7B7A9AC0}.Release|x64.Build.0 = Release|Any CPU
		{D244AAD3-04B7-4771-B227-996A7B7A9AC0}.Release|x86.ActiveCfg = Release|Any CPU
		{D244AAD3-04B7-4771-B227-996A7B7A9AC0}.Release|x86.Build.0 = Release|Any CPU
		{7C5A3B1F-226B-4AB6-A7FB-80D6ADEA65AB}.Ad-Hoc|Any CPU.ActiveCfg = Release|Any CPU
		{7C5A3B1F-226B-4AB6-A7FB-80D6ADEA65AB}.Ad-Hoc|Any CPU.Build.0 = Release|Any CPU
		{7C5A3B1F-226B-4AB6-A7FB-80D6ADEA65AB}.Ad-Hoc|ARM.ActiveCfg = Release|Any CPU
		{7C5A3B1F-226B-4AB6-A7FB-80D6ADEA65AB}.Ad-Hoc|ARM.Build.0 = Release|Any CPU
		{7C5A3B1F-226B-4AB6-A7FB-80D6ADEA65AB}.Ad-Hoc|iPhone.ActiveCfg = Release|Any CPU
		{7C5A3B1F-226B-4AB6-A7FB-80D6ADEA65AB}.Ad-Hoc|iPhone.Build.0 = Release|Any CPU
		{7C5A3B1F-226B-4AB6-A7FB-80D6ADEA65AB}.Ad-Hoc|iPhoneSimulator.ActiveCfg = Release|Any CPU
		{7C5A3B1F-226B-4AB6-A7FB-80D6ADEA65AB}.Ad-Hoc|iPhoneSimulator.Build.0 = Release|Any CPU
		{7C5A3B1F-226B-4AB6-A7FB-80D6ADEA65AB}.Ad-Hoc|x64.ActiveCfg = Release|Any CPU
		{7C5A3B1F-226B-4AB6-A7FB-80D6ADEA65AB}.Ad-Hoc|x64.Build.0 = Release|Any CPU
		{7C5A3B1F-226B-4AB6-A7FB-80D6ADEA65AB}.Ad-Hoc|x86.ActiveCfg = Release|Any CPU
		{7C5A3B1F-226B-4AB6-A7FB-80D6ADEA65AB}.Ad-Hoc|x86.Build.0 = Release|Any CPU
		{7C5A3B1F-226B-4AB6-A7FB-80D6ADEA65AB}.AppStore|Any CPU.ActiveCfg = Release|Any CPU
		{7C5A3B1F-226B-4AB6-A7FB-80D6ADEA65AB}.AppStore|Any CPU.Build.0 = Release|Any CPU
		{7C5A3B1F-226B-4AB6-A7FB-80D6ADEA65AB}.AppStore|ARM.ActiveCfg = Release|Any CPU
		{7C5A3B1F-226B-4AB6-A7FB-80D6ADEA65AB}.AppStore|ARM.Build.0 = Release|Any CPU
		{7C5A3B1F-226B-4AB6-A7FB-80D6ADEA65AB}.AppStore|iPhone.ActiveCfg = Release|Any CPU
		{7C5A3B1F-226B-4AB6-A7FB-80D6ADEA65AB}.AppStore|iPhone.Build.0 = Release|Any CPU
		{7C5A3B1F-226B-4AB6-A7FB-80D6ADEA65AB}.AppStore|iPhoneSimulator.ActiveCfg = Release|Any CPU
		{7C5A3B1F-226B-4AB6-A7FB-80D6ADEA65AB}.AppStore|iPhoneSimulator.Build.0 = Release|Any CPU
		{7C5A3B1F-226B-4AB6-A7FB-80D6ADEA65AB}.AppStore|x64.ActiveCfg = Release|Any CPU
		{7C5A3B1F-226B-4AB6-A7FB-80D6ADEA65AB}.AppStore|x64.Build.0 = Release|Any CPU
		{7C5A3B1F-226B-4AB6-A7FB-80D6ADEA65AB}.AppStore|x86.ActiveCfg = Release|Any CPU
		{7C5A3B1F-226B-4AB6-A7FB-80D6ADEA65AB}.AppStore|x86.Build.0 = Release|Any CPU
		{7C5A3B1F-226B-4AB6-A7FB-80D6ADEA65AB}.Debug|Any CPU.ActiveCfg = Debug|Any CPU
		{7C5A3B1F-226B-4AB6-A7FB-80D6ADEA65AB}.Debug|Any CPU.Build.0 = Debug|Any CPU
		{7C5A3B1F-226B-4AB6-A7FB-80D6ADEA65AB}.Debug|ARM.ActiveCfg = Debug|Any CPU
		{7C5A3B1F-226B-4AB6-A7FB-80D6ADEA65AB}.Debug|ARM.Build.0 = Debug|Any CPU
		{7C5A3B1F-226B-4AB6-A7FB-80D6ADEA65AB}.Debug|iPhone.ActiveCfg = Debug|Any CPU
		{7C5A3B1F-226B-4AB6-A7FB-80D6ADEA65AB}.Debug|iPhone.Build.0 = Debug|Any CPU
		{7C5A3B1F-226B-4AB6-A7FB-80D6ADEA65AB}.Debug|iPhoneSimulator.ActiveCfg = Debug|Any CPU
		{7C5A3B1F-226B-4AB6-A7FB-80D6ADEA65AB}.Debug|iPhoneSimulator.Build.0 = Debug|Any CPU
		{7C5A3B1F-226B-4AB6-A7FB-80D6ADEA65AB}.Debug|x64.ActiveCfg = Debug|Any CPU
		{7C5A3B1F-226B-4AB6-A7FB-80D6ADEA65AB}.Debug|x64.Build.0 = Debug|Any CPU
		{7C5A3B1F-226B-4AB6-A7FB-80D6ADEA65AB}.Debug|x86.ActiveCfg = Debug|Any CPU
		{7C5A3B1F-226B-4AB6-A7FB-80D6ADEA65AB}.Debug|x86.Build.0 = Debug|Any CPU
		{7C5A3B1F-226B-4AB6-A7FB-80D6ADEA65AB}.Release|Any CPU.ActiveCfg = Release|Any CPU
		{7C5A3B1F-226B-4AB6-A7FB-80D6ADEA65AB}.Release|Any CPU.Build.0 = Release|Any CPU
		{7C5A3B1F-226B-4AB6-A7FB-80D6ADEA65AB}.Release|ARM.ActiveCfg = Release|Any CPU
		{7C5A3B1F-226B-4AB6-A7FB-80D6ADEA65AB}.Release|ARM.Build.0 = Release|Any CPU
		{7C5A3B1F-226B-4AB6-A7FB-80D6ADEA65AB}.Release|iPhone.ActiveCfg = Release|Any CPU
		{7C5A3B1F-226B-4AB6-A7FB-80D6ADEA65AB}.Release|iPhone.Build.0 = Release|Any CPU
		{7C5A3B1F-226B-4AB6-A7FB-80D6ADEA65AB}.Release|iPhoneSimulator.ActiveCfg = Release|Any CPU
		{7C5A3B1F-226B-4AB6-A7FB-80D6ADEA65AB}.Release|iPhoneSimulator.Build.0 = Release|Any CPU
		{7C5A3B1F-226B-4AB6-A7FB-80D6ADEA65AB}.Release|x64.ActiveCfg = Release|Any CPU
		{7C5A3B1F-226B-4AB6-A7FB-80D6ADEA65AB}.Release|x64.Build.0 = Release|Any CPU
		{7C5A3B1F-226B-4AB6-A7FB-80D6ADEA65AB}.Release|x86.ActiveCfg = Release|Any CPU
		{7C5A3B1F-226B-4AB6-A7FB-80D6ADEA65AB}.Release|x86.Build.0 = Release|Any CPU
		{AAC9C31A-41A3-44E8-B750-5BC8C06E59D3}.Ad-Hoc|Any CPU.ActiveCfg = Release|Any CPU
		{AAC9C31A-41A3-44E8-B750-5BC8C06E59D3}.Ad-Hoc|Any CPU.Build.0 = Release|Any CPU
		{AAC9C31A-41A3-44E8-B750-5BC8C06E59D3}.Ad-Hoc|ARM.ActiveCfg = Release|Any CPU
		{AAC9C31A-41A3-44E8-B750-5BC8C06E59D3}.Ad-Hoc|ARM.Build.0 = Release|Any CPU
		{AAC9C31A-41A3-44E8-B750-5BC8C06E59D3}.Ad-Hoc|iPhone.ActiveCfg = Release|Any CPU
		{AAC9C31A-41A3-44E8-B750-5BC8C06E59D3}.Ad-Hoc|iPhone.Build.0 = Release|Any CPU
		{AAC9C31A-41A3-44E8-B750-5BC8C06E59D3}.Ad-Hoc|iPhoneSimulator.ActiveCfg = Release|Any CPU
		{AAC9C31A-41A3-44E8-B750-5BC8C06E59D3}.Ad-Hoc|iPhoneSimulator.Build.0 = Release|Any CPU
		{AAC9C31A-41A3-44E8-B750-5BC8C06E59D3}.Ad-Hoc|x64.ActiveCfg = Release|Any CPU
		{AAC9C31A-41A3-44E8-B750-5BC8C06E59D3}.Ad-Hoc|x64.Build.0 = Release|Any CPU
		{AAC9C31A-41A3-44E8-B750-5BC8C06E59D3}.Ad-Hoc|x86.ActiveCfg = Release|Any CPU
		{AAC9C31A-41A3-44E8-B750-5BC8C06E59D3}.Ad-Hoc|x86.Build.0 = Release|Any CPU
		{AAC9C31A-41A3-44E8-B750-5BC8C06E59D3}.AppStore|Any CPU.ActiveCfg = Release|Any CPU
		{AAC9C31A-41A3-44E8-B750-5BC8C06E59D3}.AppStore|Any CPU.Build.0 = Release|Any CPU
		{AAC9C31A-41A3-44E8-B750-5BC8C06E59D3}.AppStore|ARM.ActiveCfg = Release|Any CPU
		{AAC9C31A-41A3-44E8-B750-5BC8C06E59D3}.AppStore|ARM.Build.0 = Release|Any CPU
		{AAC9C31A-41A3-44E8-B750-5BC8C06E59D3}.AppStore|iPhone.ActiveCfg = Release|Any CPU
		{AAC9C31A-41A3-44E8-B750-5BC8C06E59D3}.AppStore|iPhone.Build.0 = Release|Any CPU
		{AAC9C31A-41A3-44E8-B750-5BC8C06E59D3}.AppStore|iPhoneSimulator.ActiveCfg = Release|Any CPU
		{AAC9C31A-41A3-44E8-B750-5BC8C06E59D3}.AppStore|iPhoneSimulator.Build.0 = Release|Any CPU
		{AAC9C31A-41A3-44E8-B750-5BC8C06E59D3}.AppStore|x64.ActiveCfg = Release|Any CPU
		{AAC9C31A-41A3-44E8-B750-5BC8C06E59D3}.AppStore|x64.Build.0 = Release|Any CPU
		{AAC9C31A-41A3-44E8-B750-5BC8C06E59D3}.AppStore|x86.ActiveCfg = Release|Any CPU
		{AAC9C31A-41A3-44E8-B750-5BC8C06E59D3}.AppStore|x86.Build.0 = Release|Any CPU
		{AAC9C31A-41A3-44E8-B750-5BC8C06E59D3}.Debug|Any CPU.ActiveCfg = Debug|Any CPU
		{AAC9C31A-41A3-44E8-B750-5BC8C06E59D3}.Debug|Any CPU.Build.0 = Debug|Any CPU
		{AAC9C31A-41A3-44E8-B750-5BC8C06E59D3}.Debug|ARM.ActiveCfg = Debug|Any CPU
		{AAC9C31A-41A3-44E8-B750-5BC8C06E59D3}.Debug|ARM.Build.0 = Debug|Any CPU
		{AAC9C31A-41A3-44E8-B750-5BC8C06E59D3}.Debug|iPhone.ActiveCfg = Debug|Any CPU
		{AAC9C31A-41A3-44E8-B750-5BC8C06E59D3}.Debug|iPhone.Build.0 = Debug|Any CPU
		{AAC9C31A-41A3-44E8-B750-5BC8C06E59D3}.Debug|iPhoneSimulator.ActiveCfg = Debug|Any CPU
		{AAC9C31A-41A3-44E8-B750-5BC8C06E59D3}.Debug|iPhoneSimulator.Build.0 = Debug|Any CPU
		{AAC9C31A-41A3-44E8-B750-5BC8C06E59D3}.Debug|x64.ActiveCfg = Debug|Any CPU
		{AAC9C31A-41A3-44E8-B750-5BC8C06E59D3}.Debug|x64.Build.0 = Debug|Any CPU
		{AAC9C31A-41A3-44E8-B750-5BC8C06E59D3}.Debug|x86.ActiveCfg = Debug|Any CPU
		{AAC9C31A-41A3-44E8-B750-5BC8C06E59D3}.Debug|x86.Build.0 = Debug|Any CPU
		{AAC9C31A-41A3-44E8-B750-5BC8C06E59D3}.Release|Any CPU.ActiveCfg = Release|Any CPU
		{AAC9C31A-41A3-44E8-B750-5BC8C06E59D3}.Release|Any CPU.Build.0 = Release|Any CPU
		{AAC9C31A-41A3-44E8-B750-5BC8C06E59D3}.Release|ARM.ActiveCfg = Release|Any CPU
		{AAC9C31A-41A3-44E8-B750-5BC8C06E59D3}.Release|ARM.Build.0 = Release|Any CPU
		{AAC9C31A-41A3-44E8-B750-5BC8C06E59D3}.Release|iPhone.ActiveCfg = Release|Any CPU
		{AAC9C31A-41A3-44E8-B750-5BC8C06E59D3}.Release|iPhone.Build.0 = Release|Any CPU
		{AAC9C31A-41A3-44E8-B750-5BC8C06E59D3}.Release|iPhoneSimulator.ActiveCfg = Release|Any CPU
		{AAC9C31A-41A3-44E8-B750-5BC8C06E59D3}.Release|iPhoneSimulator.Build.0 = Release|Any CPU
		{AAC9C31A-41A3-44E8-B750-5BC8C06E59D3}.Release|x64.ActiveCfg = Release|Any CPU
		{AAC9C31A-41A3-44E8-B750-5BC8C06E59D3}.Release|x64.Build.0 = Release|Any CPU
		{AAC9C31A-41A3-44E8-B750-5BC8C06E59D3}.Release|x86.ActiveCfg = Release|Any CPU
		{AAC9C31A-41A3-44E8-B750-5BC8C06E59D3}.Release|x86.Build.0 = Release|Any CPU
		{C6596F7B-D0C1-4AD8-AE1D-08D19F5D6634}.Ad-Hoc|Any CPU.ActiveCfg = Release|Any CPU
		{C6596F7B-D0C1-4AD8-AE1D-08D19F5D6634}.Ad-Hoc|Any CPU.Build.0 = Release|Any CPU
		{C6596F7B-D0C1-4AD8-AE1D-08D19F5D6634}.Ad-Hoc|ARM.ActiveCfg = Release|Any CPU
		{C6596F7B-D0C1-4AD8-AE1D-08D19F5D6634}.Ad-Hoc|ARM.Build.0 = Release|Any CPU
		{C6596F7B-D0C1-4AD8-AE1D-08D19F5D6634}.Ad-Hoc|iPhone.ActiveCfg = Release|Any CPU
		{C6596F7B-D0C1-4AD8-AE1D-08D19F5D6634}.Ad-Hoc|iPhone.Build.0 = Release|Any CPU
		{C6596F7B-D0C1-4AD8-AE1D-08D19F5D6634}.Ad-Hoc|iPhoneSimulator.ActiveCfg = Release|Any CPU
		{C6596F7B-D0C1-4AD8-AE1D-08D19F5D6634}.Ad-Hoc|iPhoneSimulator.Build.0 = Release|Any CPU
		{C6596F7B-D0C1-4AD8-AE1D-08D19F5D6634}.Ad-Hoc|x64.ActiveCfg = Release|Any CPU
		{C6596F7B-D0C1-4AD8-AE1D-08D19F5D6634}.Ad-Hoc|x64.Build.0 = Release|Any CPU
		{C6596F7B-D0C1-4AD8-AE1D-08D19F5D6634}.Ad-Hoc|x86.ActiveCfg = Release|Any CPU
		{C6596F7B-D0C1-4AD8-AE1D-08D19F5D6634}.Ad-Hoc|x86.Build.0 = Release|Any CPU
		{C6596F7B-D0C1-4AD8-AE1D-08D19F5D6634}.AppStore|Any CPU.ActiveCfg = Release|Any CPU
		{C6596F7B-D0C1-4AD8-AE1D-08D19F5D6634}.AppStore|Any CPU.Build.0 = Release|Any CPU
		{C6596F7B-D0C1-4AD8-AE1D-08D19F5D6634}.AppStore|ARM.ActiveCfg = Release|Any CPU
		{C6596F7B-D0C1-4AD8-AE1D-08D19F5D6634}.AppStore|ARM.Build.0 = Release|Any CPU
		{C6596F7B-D0C1-4AD8-AE1D-08D19F5D6634}.AppStore|iPhone.ActiveCfg = Release|Any CPU
		{C6596F7B-D0C1-4AD8-AE1D-08D19F5D6634}.AppStore|iPhone.Build.0 = Release|Any CPU
		{C6596F7B-D0C1-4AD8-AE1D-08D19F5D6634}.AppStore|iPhoneSimulator.ActiveCfg = Release|Any CPU
		{C6596F7B-D0C1-4AD8-AE1D-08D19F5D6634}.AppStore|iPhoneSimulator.Build.0 = Release|Any CPU
		{C6596F7B-D0C1-4AD8-AE1D-08D19F5D6634}.AppStore|x64.ActiveCfg = Release|Any CPU
		{C6596F7B-D0C1-4AD8-AE1D-08D19F5D6634}.AppStore|x64.Build.0 = Release|Any CPU
		{C6596F7B-D0C1-4AD8-AE1D-08D19F5D6634}.AppStore|x86.ActiveCfg = Release|Any CPU
		{C6596F7B-D0C1-4AD8-AE1D-08D19F5D6634}.AppStore|x86.Build.0 = Release|Any CPU
		{C6596F7B-D0C1-4AD8-AE1D-08D19F5D6634}.Debug|Any CPU.ActiveCfg = Debug|Any CPU
		{C6596F7B-D0C1-4AD8-AE1D-08D19F5D6634}.Debug|Any CPU.Build.0 = Debug|Any CPU
		{C6596F7B-D0C1-4AD8-AE1D-08D19F5D6634}.Debug|ARM.ActiveCfg = Debug|Any CPU
		{C6596F7B-D0C1-4AD8-AE1D-08D19F5D6634}.Debug|ARM.Build.0 = Debug|Any CPU
		{C6596F7B-D0C1-4AD8-AE1D-08D19F5D6634}.Debug|iPhone.ActiveCfg = Debug|Any CPU
		{C6596F7B-D0C1-4AD8-AE1D-08D19F5D6634}.Debug|iPhone.Build.0 = Debug|Any CPU
		{C6596F7B-D0C1-4AD8-AE1D-08D19F5D6634}.Debug|iPhoneSimulator.ActiveCfg = Debug|Any CPU
		{C6596F7B-D0C1-4AD8-AE1D-08D19F5D6634}.Debug|iPhoneSimulator.Build.0 = Debug|Any CPU
		{C6596F7B-D0C1-4AD8-AE1D-08D19F5D6634}.Debug|x64.ActiveCfg = Debug|Any CPU
		{C6596F7B-D0C1-4AD8-AE1D-08D19F5D6634}.Debug|x64.Build.0 = Debug|Any CPU
		{C6596F7B-D0C1-4AD8-AE1D-08D19F5D6634}.Debug|x86.ActiveCfg = Debug|Any CPU
		{C6596F7B-D0C1-4AD8-AE1D-08D19F5D6634}.Debug|x86.Build.0 = Debug|Any CPU
		{C6596F7B-D0C1-4AD8-AE1D-08D19F5D6634}.Release|Any CPU.ActiveCfg = Release|Any CPU
		{C6596F7B-D0C1-4AD8-AE1D-08D19F5D6634}.Release|Any CPU.Build.0 = Release|Any CPU
		{C6596F7B-D0C1-4AD8-AE1D-08D19F5D6634}.Release|ARM.ActiveCfg = Release|Any CPU
		{C6596F7B-D0C1-4AD8-AE1D-08D19F5D6634}.Release|ARM.Build.0 = Release|Any CPU
		{C6596F7B-D0C1-4AD8-AE1D-08D19F5D6634}.Release|iPhone.ActiveCfg = Release|Any CPU
		{C6596F7B-D0C1-4AD8-AE1D-08D19F5D6634}.Release|iPhone.Build.0 = Release|Any CPU
		{C6596F7B-D0C1-4AD8-AE1D-08D19F5D6634}.Release|iPhoneSimulator.ActiveCfg = Release|Any CPU
		{C6596F7B-D0C1-4AD8-AE1D-08D19F5D6634}.Release|iPhoneSimulator.Build.0 = Release|Any CPU
		{C6596F7B-D0C1-4AD8-AE1D-08D19F5D6634}.Release|x64.ActiveCfg = Release|Any CPU
		{C6596F7B-D0C1-4AD8-AE1D-08D19F5D6634}.Release|x64.Build.0 = Release|Any CPU
		{C6596F7B-D0C1-4AD8-AE1D-08D19F5D6634}.Release|x86.ActiveCfg = Release|Any CPU
		{C6596F7B-D0C1-4AD8-AE1D-08D19F5D6634}.Release|x86.Build.0 = Release|Any CPU
		{C544737A-CC66-4BDA-8FDD-F635E8587140}.Ad-Hoc|Any CPU.ActiveCfg = Release|Any CPU
		{C544737A-CC66-4BDA-8FDD-F635E8587140}.Ad-Hoc|Any CPU.Build.0 = Release|Any CPU
		{C544737A-CC66-4BDA-8FDD-F635E8587140}.Ad-Hoc|ARM.ActiveCfg = Release|Any CPU
		{C544737A-CC66-4BDA-8FDD-F635E8587140}.Ad-Hoc|ARM.Build.0 = Release|Any CPU
		{C544737A-CC66-4BDA-8FDD-F635E8587140}.Ad-Hoc|iPhone.ActiveCfg = Release|Any CPU
		{C544737A-CC66-4BDA-8FDD-F635E8587140}.Ad-Hoc|iPhone.Build.0 = Release|Any CPU
		{C544737A-CC66-4BDA-8FDD-F635E8587140}.Ad-Hoc|iPhoneSimulator.ActiveCfg = Release|Any CPU
		{C544737A-CC66-4BDA-8FDD-F635E8587140}.Ad-Hoc|iPhoneSimulator.Build.0 = Release|Any CPU
		{C544737A-CC66-4BDA-8FDD-F635E8587140}.Ad-Hoc|x64.ActiveCfg = Release|Any CPU
		{C544737A-CC66-4BDA-8FDD-F635E8587140}.Ad-Hoc|x64.Build.0 = Release|Any CPU
		{C544737A-CC66-4BDA-8FDD-F635E8587140}.Ad-Hoc|x86.ActiveCfg = Release|Any CPU
		{C544737A-CC66-4BDA-8FDD-F635E8587140}.Ad-Hoc|x86.Build.0 = Release|Any CPU
		{C544737A-CC66-4BDA-8FDD-F635E8587140}.AppStore|Any CPU.ActiveCfg = Release|Any CPU
		{C544737A-CC66-4BDA-8FDD-F635E8587140}.AppStore|Any CPU.Build.0 = Release|Any CPU
		{C544737A-CC66-4BDA-8FDD-F635E8587140}.AppStore|ARM.ActiveCfg = Release|Any CPU
		{C544737A-CC66-4BDA-8FDD-F635E8587140}.AppStore|ARM.Build.0 = Release|Any CPU
		{C544737A-CC66-4BDA-8FDD-F635E8587140}.AppStore|iPhone.ActiveCfg = Release|Any CPU
		{C544737A-CC66-4BDA-8FDD-F635E8587140}.AppStore|iPhone.Build.0 = Release|Any CPU
		{C544737A-CC66-4BDA-8FDD-F635E8587140}.AppStore|iPhoneSimulator.ActiveCfg = Release|Any CPU
		{C544737A-CC66-4BDA-8FDD-F635E8587140}.AppStore|iPhoneSimulator.Build.0 = Release|Any CPU
		{C544737A-CC66-4BDA-8FDD-F635E8587140}.AppStore|x64.ActiveCfg = Release|Any CPU
		{C544737A-CC66-4BDA-8FDD-F635E8587140}.AppStore|x64.Build.0 = Release|Any CPU
		{C544737A-CC66-4BDA-8FDD-F635E8587140}.AppStore|x86.ActiveCfg = Release|Any CPU
		{C544737A-CC66-4BDA-8FDD-F635E8587140}.AppStore|x86.Build.0 = Release|Any CPU
		{C544737A-CC66-4BDA-8FDD-F635E8587140}.Debug|Any CPU.ActiveCfg = Debug|Any CPU
		{C544737A-CC66-4BDA-8FDD-F635E8587140}.Debug|Any CPU.Build.0 = Debug|Any CPU
		{C544737A-CC66-4BDA-8FDD-F635E8587140}.Debug|ARM.ActiveCfg = Debug|Any CPU
		{C544737A-CC66-4BDA-8FDD-F635E8587140}.Debug|ARM.Build.0 = Debug|Any CPU
		{C544737A-CC66-4BDA-8FDD-F635E8587140}.Debug|iPhone.ActiveCfg = Debug|Any CPU
		{C544737A-CC66-4BDA-8FDD-F635E8587140}.Debug|iPhone.Build.0 = Debug|Any CPU
		{C544737A-CC66-4BDA-8FDD-F635E8587140}.Debug|iPhoneSimulator.ActiveCfg = Debug|Any CPU
		{C544737A-CC66-4BDA-8FDD-F635E8587140}.Debug|iPhoneSimulator.Build.0 = Debug|Any CPU
		{C544737A-CC66-4BDA-8FDD-F635E8587140}.Debug|x64.ActiveCfg = Debug|Any CPU
		{C544737A-CC66-4BDA-8FDD-F635E8587140}.Debug|x64.Build.0 = Debug|Any CPU
		{C544737A-CC66-4BDA-8FDD-F635E8587140}.Debug|x86.ActiveCfg = Debug|Any CPU
		{C544737A-CC66-4BDA-8FDD-F635E8587140}.Debug|x86.Build.0 = Debug|Any CPU
		{C544737A-CC66-4BDA-8FDD-F635E8587140}.Release|Any CPU.ActiveCfg = Release|Any CPU
		{C544737A-CC66-4BDA-8FDD-F635E8587140}.Release|Any CPU.Build.0 = Release|Any CPU
		{C544737A-CC66-4BDA-8FDD-F635E8587140}.Release|ARM.ActiveCfg = Release|Any CPU
		{C544737A-CC66-4BDA-8FDD-F635E8587140}.Release|ARM.Build.0 = Release|Any CPU
		{C544737A-CC66-4BDA-8FDD-F635E8587140}.Release|iPhone.ActiveCfg = Release|Any CPU
		{C544737A-CC66-4BDA-8FDD-F635E8587140}.Release|iPhone.Build.0 = Release|Any CPU
		{C544737A-CC66-4BDA-8FDD-F635E8587140}.Release|iPhoneSimulator.ActiveCfg = Release|Any CPU
		{C544737A-CC66-4BDA-8FDD-F635E8587140}.Release|iPhoneSimulator.Build.0 = Release|Any CPU
		{C544737A-CC66-4BDA-8FDD-F635E8587140}.Release|x64.ActiveCfg = Release|Any CPU
		{C544737A-CC66-4BDA-8FDD-F635E8587140}.Release|x64.Build.0 = Release|Any CPU
		{C544737A-CC66-4BDA-8FDD-F635E8587140}.Release|x86.ActiveCfg = Release|Any CPU
		{C544737A-CC66-4BDA-8FDD-F635E8587140}.Release|x86.Build.0 = Release|Any CPU
	EndGlobalSection
	GlobalSection(SolutionProperties) = preSolution
		HideSolutionNode = FALSE
	EndGlobalSection
	GlobalSection(ExtensibilityGlobals) = postSolution
		SolutionGuid = {8E7CB374-0364-4214-82CD-54D6EFD295E2}
	EndGlobalSection
EndGlobal
